
Microsoft Visual Studio Solution File, Format Version 12.00
# Visual Studio Version 17
VisualStudioVersion = 17.2.32526.322
MinimumVisualStudioVersion = 10.0.40219.1
Project("{FAE04EC0-301F-11D3-BF4B-00C04F79EFBC}") = "WpfApp1", "WpfApp1\WpfApp1.csproj", "{FA76DAA8-93A9-4775-81F5-A699A6FCDA66}"
EndProject
Project("{FAE04EC0-301F-11D3-BF4B-00C04F79EFBC}") = "DAL", "DAL\DAL.csproj", "{9DA57665-61AD-4F9E-8151-3D460BADFF91}"
EndProject
Project("{FAE04EC0-301F-11D3-BF4B-00C04F79EFBC}") = "WpfApp2", "WpfApp2\WpfApp2.csproj", "{1B86F99B-34AE-49E9-B7A8-24CA77A5297B}"
EndProject
Project("{FAE04EC0-301F-11D3-BF4B-00C04F79EFBC}") = "WpfApp3", "WpfApp3\WpfApp3.csproj", "{096B1866-E8E8-4ABB-8A09-4B781817D34E}"
EndProject
Global
	GlobalSection(SolutionConfigurationPlatforms) = preSolution
		Debug|Any CPU = Debug|Any CPU
		Release|Any CPU = Release|Any CPU
	EndGlobalSection
	GlobalSection(ProjectConfigurationPlatforms) = postSolution
		{FA76DAA8-93A9-4775-81F5-A699A6FCDA66}.Debug|Any CPU.ActiveCfg = Debug|Any CPU
		{FA76DAA8-93A9-4775-81F5-A699A6FCDA66}.Debug|Any CPU.Build.0 = Debug|Any CPU
		{FA76DAA8-93A9-4775-81F5-A699A6FCDA66}.Release|Any CPU.ActiveCfg = Release|Any CPU
		{FA76DAA8-93A9-4775-81F5-A699A6FCDA66}.Release|Any CPU.Build.0 = Release|Any CPU
		{9DA57665-61AD-4F9E-8151-3D460BADFF91}.Debug|Any CPU.ActiveCfg = Debug|Any CPU
		{9DA57665-61AD-4F9E-8151-3D460BADFF91}.Debug|Any CPU.Build.0 = Debug|Any CPU
		{9DA57665-61AD-4F9E-8151-3D460BADFF91}.Release|Any CPU.ActiveCfg = Release|Any CPU
		{9DA57665-61AD-4F9E-8151-3D460BADFF91}.Release|Any CPU.Build.0 = Release|Any CPU
		{1B86F99B-34AE-49E9-B7A8-24CA77A5297B}.Debug|Any CPU.ActiveCfg = Debug|Any CPU
		{1B86F99B-34AE-49E9-B7A8-24CA77A5297B}.Debug|Any CPU.Build.0 = Debug|Any CPU
		{1B86F99B-34AE-49E9-B7A8-24CA77A5297B}.Release|Any CPU.ActiveCfg = Release|Any CPU
		{1B86F99B-34AE-49E9-B7A8-24CA77A5297B}.Release|Any CPU.Build.0 = Release|Any CPU
		{096B1866-E8E8-4ABB-8A09-4B781817D34E}.Debug|Any CPU.ActiveCfg = Debug|Any CPU
		{096B1866-E8E8-4ABB-8A09-4B781817D34E}.Debug|Any CPU.Build.0 = Debug|Any CPU
		{096B1866-E8E8-4ABB-8A09-4B781817D34E}.Release|Any CPU.ActiveCfg = Release|Any CPU
		{096B1866-E8E8-4ABB-8A09-4B781817D34E}.Release|Any CPU.Build.0 = Release|Any CPU
	EndGlobalSection
	GlobalSection(SolutionProperties) = preSolution
		HideSolutionNode = FALSE
	EndGlobalSection
	GlobalSection(ExtensibilityGlobals) = postSolution
		SolutionGuid = {D3ED6C9E-A012-4D1D-8344-09C9781B72C1}
	EndGlobalSection
EndGlobal
